
Microsoft Visual Studio Solution File, Format Version 12.00
# Visual Studio 15
Project("{FAE04EC0-301F-11D3-BF4B-00C04F79EFBC}") = "Assembly-CSharp", "Assembly-CSharp.csproj", "{D80443DE-59D6-DFFF-0B82-3D727DD30A03}"
EndProject
Global
	GlobalSection(SolutionConfigurationPlatforms) = preSolution
		Debug|Any CPU = Debug|Any CPU
		Release|Any CPU = Release|Any CPU
	EndGlobalSection
	GlobalSection(ProjectConfigurationPlatforms) = postSolution
		{D80443DE-59D6-DFFF-0B82-3D727DD30A03}.Debug|Any CPU.ActiveCfg = Debug|Any CPU
		{D80443DE-59D6-DFFF-0B82-3D727DD30A03}.Debug|Any CPU.Build.0 = Debug|Any CPU
		{D80443DE-59D6-DFFF-0B82-3D727DD30A03}.Release|Any CPU.ActiveCfg = Release|Any CPU
		{D80443DE-59D6-DFFF-0B82-3D727DD30A03}.Release|Any CPU.Build.0 = Release|Any CPU
	EndGlobalSection
	GlobalSection(SolutionProperties) = preSolution
		HideSolutionNode = FALSE
	EndGlobalSection
EndGlobal
